
Microsoft Visual Studio Solution File, Format Version 12.00
# Visual Studio 15
VisualStudioVersion = 15.0.27703.2026
MinimumVisualStudioVersion = 10.0.40219.1
Project("{FAE04EC0-301F-11D3-BF4B-00C04F79EFBC}") = "Lab10", "Lab10\Lab10.csproj", "{C7B645FB-661C-443C-96D0-B98666F31747}"
EndProject
Global
	GlobalSection(SolutionConfigurationPlatforms) = preSolution
		Debug|Any CPU = Debug|Any CPU
		Release|Any CPU = Release|Any CPU
	EndGlobalSection
	GlobalSection(ProjectConfigurationPlatforms) = postSolution
		{C7B645FB-661C-443C-96D0-B98666F31747}.Debug|Any CPU.ActiveCfg = Debug|Any CPU
		{C7B645FB-661C-443C-96D0-B98666F31747}.Debug|Any CPU.Build.0 = Debug|Any CPU
		{C7B645FB-661C-443C-96D0-B98666F31747}.Release|Any CPU.ActiveCfg = Release|Any CPU
		{C7B645FB-661C-443C-96D0-B98666F31747}.Release|Any CPU.Build.0 = Release|Any CPU
	EndGlobalSection
	GlobalSection(SolutionProperties) = preSolution
		HideSolutionNode = FALSE
	EndGlobalSection
	GlobalSection(ExtensibilityGlobals) = postSolution
		SolutionGuid = {6E58D4D5-F983-476A-92D0-7BD0A1A7BBC1}
	EndGlobalSection
EndGlobal
